// !$*UTF8*$!
{
	archiveVersion = 1;
	classes = {
	};
	objectVersion = 56;
	objects = {

/* Begin PBXBuildFile section */
		EBC674CF2C9AE6E100A7DFF8 /* AppDelegate.swift in Sources */ = {isa = PBXBuildFile; fileRef = EBC674CE2C9AE6E100A7DFF8 /* AppDelegate.swift */; };
		EBC674D12C9AE6E100A7DFF8 /* SceneDelegate.swift in Sources */ = {isa = PBXBuildFile; fileRef = EBC674D02C9AE6E100A7DFF8 /* SceneDelegate.swift */; };
		EBC674D32C9AE6E100A7DFF8 /* BMIViewController.swift in Sources */ = {isa = PBXBuildFile; fileRef = EBC674D22C9AE6E100A7DFF8 /* BMIViewController.swift */; };
		EBC674D62C9AE6E100A7DFF8 /* Main.storyboard in Resources */ = {isa = PBXBuildFile; fileRef = EBC674D42C9AE6E100A7DFF8 /* Main.storyboard */; };
		EBC674D82C9AE6E600A7DFF8 /* Assets.xcassets in Resources */ = {isa = PBXBuildFile; fileRef = EBC674D72C9AE6E600A7DFF8 /* Assets.xcassets */; };
		EBC674DB2C9AE6E600A7DFF8 /* LaunchScreen.storyboard in Resources */ = {isa = PBXBuildFile; fileRef = EBC674D92C9AE6E600A7DFF8 /* LaunchScreen.storyboard */; };
		EBEBEC732C9ED3B900E3AF3F /* ResultViewController.swift in Sources */ = {isa = PBXBuildFile; fileRef = EBEBEC722C9ED3B900E3AF3F /* ResultViewController.swift */; };
		EBEBEC752C9ED95200E3AF3F /* BMI.swift in Sources */ = {isa = PBXBuildFile; fileRef = EBEBEC742C9ED95200E3AF3F /* BMI.swift */; };
		EBEBEC772C9EF40500E3AF3F /* CalculaateBMI.swift in Sources */ = {isa = PBXBuildFile; fileRef = EBEBEC762C9EF40500E3AF3F /* CalculaateBMI.swift */; };
/* End PBXBuildFile section */

/* Begin PBXFileReference section */
		EBC674CB2C9AE6E100A7DFF8 /* BMICalculator.app */ = {isa = PBXFileReference; explicitFileType = wrapper.application; includeInIndex = 0; path = BMICalculator.app; sourceTree = BUILT_PRODUCTS_DIR; };
		EBC674CE2C9AE6E100A7DFF8 /* AppDelegate.swift */ = {isa = PBXFileReference; lastKnownFileType = sourcecode.swift; path = AppDelegate.swift; sourceTree = "<group>"; };
		EBC674D02C9AE6E100A7DFF8 /* SceneDelegate.swift */ = {isa = PBXFileReference; lastKnownFileType = sourcecode.swift; path = SceneDelegate.swift; sourceTree = "<group>"; };
		EBC674D22C9AE6E100A7DFF8 /* BMIViewController.swift */ = {isa = PBXFileReference; lastKnownFileType = sourcecode.swift; path = BMIViewController.swift; sourceTree = "<group>"; };
		EBC674D52C9AE6E100A7DFF8 /* Base */ = {isa = PBXFileReference; lastKnownFileType = file.storyboard; name = Base; path = Base.lproj/Main.storyboard; sourceTree = "<group>"; };
		EBC674D72C9AE6E600A7DFF8 /* Assets.xcassets */ = {isa = PBXFileReference; lastKnownFileType = folder.assetcatalog; path = Assets.xcassets; sourceTree = "<group>"; };
		EBC674DA2C9AE6E600A7DFF8 /* Base */ = {isa = PBXFileReference; lastKnownFileType = file.storyboard; name = Base; path = Base.lproj/LaunchScreen.storyboard; sourceTree = "<group>"; };
		EBC674DC2C9AE6E600A7DFF8 /* Info.plist */ = {isa = PBXFileReference; lastKnownFileType = text.plist.xml; path = Info.plist; sourceTree = "<group>"; };
		EBEBEC722C9ED3B900E3AF3F /* ResultViewController.swift */ = {isa = PBXFileReference; lastKnownFileType = sourcecode.swift; path = ResultViewController.swift; sourceTree = "<group>"; };
		EBEBEC742C9ED95200E3AF3F /* BMI.swift */ = {isa = PBXFileReference; lastKnownFileType = sourcecode.swift; path = BMI.swift; sourceTree = "<group>"; };
		EBEBEC762C9EF40500E3AF3F /* CalculaateBMI.swift */ = {isa = PBXFileReference; lastKnownFileType = sourcecode.swift; path = CalculaateBMI.swift; sourceTree = "<group>"; };
/* End PBXFileReference section */

/* Begin PBXFrameworksBuildPhase section */
		EBC674C82C9AE6E100A7DFF8 /* Frameworks */ = {
			isa = PBXFrameworksBuildPhase;
			buildActionMask = 2147483647;
			files = (
			);
			runOnlyForDeploymentPostprocessing = 0;
		};
/* End PBXFrameworksBuildPhase section */

/* Begin PBXGroup section */
		EBC674C22C9AE6E100A7DFF8 = {
			isa = PBXGroup;
			children = (
				EBC674CD2C9AE6E100A7DFF8 /* BMICalculator */,
				EBC674CC2C9AE6E100A7DFF8 /* Products */,
			);
			sourceTree = "<group>";
		};
		EBC674CC2C9AE6E100A7DFF8 /* Products */ = {
			isa = PBXGroup;
			children = (
				EBC674CB2C9AE6E100A7DFF8 /* BMICalculator.app */,
			);
			name = Products;
			sourceTree = "<group>";
		};
		EBC674CD2C9AE6E100A7DFF8 /* BMICalculator */ = {
			isa = PBXGroup;
			children = (
				EBEBEC712C9ED31400E3AF3F /* Model */,
				EBEBEC702C9ED30300E3AF3F /* View */,
				EBC674CE2C9AE6E100A7DFF8 /* AppDelegate.swift */,
				EBC674D02C9AE6E100A7DFF8 /* SceneDelegate.swift */,
				EBC674D42C9AE6E100A7DFF8 /* Main.storyboard */,
				EBC674D72C9AE6E600A7DFF8 /* Assets.xcassets */,
				EBC674D92C9AE6E600A7DFF8 /* LaunchScreen.storyboard */,
				EBC674DC2C9AE6E600A7DFF8 /* Info.plist */,
			);
			path = BMICalculator;
			sourceTree = "<group>";
		};
		EBEBEC702C9ED30300E3AF3F /* View */ = {
			isa = PBXGroup;
			children = (
				EBEBEC722C9ED3B900E3AF3F /* ResultViewController.swift */,
				EBC674D22C9AE6E100A7DFF8 /* BMIViewController.swift */,
			);
			path = View;
			sourceTree = "<group>";
		};
		EBEBEC712C9ED31400E3AF3F /* Model */ = {
			isa = PBXGroup;
			children = (
				EBEBEC742C9ED95200E3AF3F /* BMI.swift */,
				EBEBEC762C9EF40500E3AF3F /* CalculaateBMI.swift */,
			);
			path = Model;
			sourceTree = "<group>";
		};
/* End PBXGroup section */

/* Begin PBXNativeTarget section */
		EBC674CA2C9AE6E100A7DFF8 /* BMICalculator */ = {
			isa = PBXNativeTarget;
			buildConfigurationList = EBC674DF2C9AE6E600A7DFF8 /* Build configuration list for PBXNativeTarget "BMICalculator" */;
			buildPhases = (
				EBC674C72C9AE6E100A7DFF8 /* Sources */,
				EBC674C82C9AE6E100A7DFF8 /* Frameworks */,
				EBC674C92C9AE6E100A7DFF8 /* Resources */,
			);
			buildRules = (
			);
			dependencies = (
			);
			name = BMICalculator;
			productName = BMICalculator;
			productReference = EBC674CB2C9AE6E100A7DFF8 /* BMICalculator.app */;
			productType = "com.apple.product-type.application";
		};
/* End PBXNativeTarget section */

/* Begin PBXProject section */
		EBC674C32C9AE6E100A7DFF8 /* Project object */ = {
			isa = PBXProject;
			attributes = {
				BuildIndependentTargetsInParallel = 1;
				LastSwiftUpdateCheck = 1420;
				LastUpgradeCheck = 1420;
				TargetAttributes = {
					EBC674CA2C9AE6E100A7DFF8 = {
						CreatedOnToolsVersion = 14.2;
					};
				};
			};
			buildConfigurationList = EBC674C62C9AE6E100A7DFF8 /* Build configuration list for PBXProject "BMICalculator" */;
			compatibilityVersion = "Xcode 14.0";
			developmentRegion = en;
			hasScannedForEncodings = 0;
			knownRegions = (
				en,
				Base,
			);
			mainGroup = EBC674C22C9AE6E100A7DFF8;
			productRefGroup = EBC674CC2C9AE6E100A7DFF8 /* Products */;
			projectDirPath = "";
			projectRoot = "";
			targets = (
				EBC674CA2C9AE6E100A7DFF8 /* BMICalculator */,
			);
		};
/* End PBXProject section */

/* Begin PBXResourcesBuildPhase section */
		EBC674C92C9AE6E100A7DFF8 /* Resources */ = {
			isa = PBXResourcesBuildPhase;
			buildActionMask = 2147483647;
			files = (
				EBC674DB2C9AE6E600A7DFF8 /* LaunchScreen.storyboard in Resources */,
				EBC674D82C9AE6E600A7DFF8 /* Assets.xcassets in Resources */,
				EBC674D62C9AE6E100A7DFF8 /* Main.storyboard in Resources */,
			);
			runOnlyForDeploymentPostprocessing = 0;
		};
/* End PBXResourcesBuildPhase section */

/* Begin PBXSourcesBuildPhase section */
		EBC674C72C9AE6E100A7DFF8 /* Sources */ = {
			isa = PBXSourcesBuildPhase;
			buildActionMask = 2147483647;
			files = (
				EBEBEC752C9ED95200E3AF3F /* BMI.swift in Sources */,
				EBEBEC772C9EF40500E3AF3F /* CalculaateBMI.swift in Sources */,
				EBC674D32C9AE6E100A7DFF8 /* BMIViewController.swift in Sources */,
				EBC674CF2C9AE6E100A7DFF8 /* AppDelegate.swift in Sources */,
				EBC674D12C9AE6E100A7DFF8 /* SceneDelegate.swift in Sources */,
				EBEBEC732C9ED3B900E3AF3F /* ResultViewController.swift in Sources */,
			);
			runOnlyForDeploymentPostprocessing = 0;
		};
/* End PBXSourcesBuildPhase section */

/* Begin PBXVariantGroup section */
		EBC674D42C9AE6E100A7DFF8 /* Main.storyboard */ = {
			isa = PBXVariantGroup;
			children = (
				EBC674D52C9AE6E100A7DFF8 /* Base */,
			);
			name = Main.storyboard;
			sourceTree = "<group>";
		};
		EBC674D92C9AE6E600A7DFF8 /* LaunchScreen.storyboard */ = {
			isa = PBXVariantGroup;
			children = (
				EBC674DA2C9AE6E600A7DFF8 /* Base */,
			);
			name = LaunchScreen.storyboard;
			sourceTree = "<group>";
		};
/* End PBXVariantGroup section */

/* Begin XCBuildConfiguration section */
		EBC674DD2C9AE6E600A7DFF8 /* Debug */ = {
			isa = XCBuildConfiguration;
			buildSettings = {
				ALWAYS_SEARCH_USER_PATHS = NO;
				CLANG_ANALYZER_NONNULL = YES;
				CLANG_ANALYZER_NUMBER_OBJECT_CONVERSION = YES_AGGRESSIVE;
				CLANG_CXX_LANGUAGE_STANDARD = "gnu++20";
				CLANG_ENABLE_MODULES = YES;
				CLANG_ENABLE_OBJC_ARC = YES;
				CLANG_ENABLE_OBJC_WEAK = YES;
				CLANG_WARN_BLOCK_CAPTURE_AUTORELEASING = YES;
				CLANG_WARN_BOOL_CONVERSION = YES;
				CLANG_WARN_COMMA = YES;
				CLANG_WARN_CONSTANT_CONVERSION = YES;
				CLANG_WARN_DEPRECATED_OBJC_IMPLEMENTATIONS = YES;
				CLANG_WARN_DIRECT_OBJC_ISA_USAGE = YES_ERROR;
				CLANG_WARN_DOCUMENTATION_COMMENTS = YES;
				CLANG_WARN_EMPTY_BODY = YES;
				CLANG_WARN_ENUM_CONVERSION = YES;
				CLANG_WARN_INFINITE_RECURSION = YES;
				CLANG_WARN_INT_CONVERSION = YES;
				CLANG_WARN_NON_LITERAL_NULL_CONVERSION = YES;
				CLANG_WARN_OBJC_IMPLICIT_RETAIN_SELF = YES;
				CLANG_WARN_OBJC_LITERAL_CONVERSION = YES;
				CLANG_WARN_OBJC_ROOT_CLASS = YES_ERROR;
				CLANG_WARN_QUOTED_INCLUDE_IN_FRAMEWORK_HEADER = YES;
				CLANG_WARN_RANGE_LOOP_ANALYSIS = YES;
				CLANG_WARN_STRICT_PROTOTYPES = YES;
				CLANG_WARN_SUSPICIOUS_MOVE = YES;
				CLANG_WARN_UNGUARDED_AVAILABILITY = YES_AGGRESSIVE;
				CLANG_WARN_UNREACHABLE_CODE = YES;
				CLANG_WARN__DUPLICATE_METHOD_MATCH = YES;
				COPY_PHASE_STRIP = NO;
				DEBUG_INFORMATION_FORMAT = dwarf;
				ENABLE_STRICT_OBJC_MSGSEND = YES;
				ENABLE_TESTABILITY = YES;
				GCC_C_LANGUAGE_STANDARD = gnu11;
				GCC_DYNAMIC_NO_PIC = NO;
				GCC_NO_COMMON_BLOCKS = YES;
				GCC_OPTIMIZATION_LEVEL = 0;
				GCC_PREPROCESSOR_DEFINITIONS = (
					"DEBUG=1",
					"$(inherited)",
				);
				GCC_WARN_64_TO_32_BIT_CONVERSION = YES;
				GCC_WARN_ABOUT_RETURN_TYPE = YES_ERROR;
				GCC_WARN_UNDECLARED_SELECTOR = YES;
				GCC_WARN_UNINITIALIZED_AUTOS = YES_AGGRESSIVE;
				GCC_WARN_UNUSED_FUNCTION = YES;
				GCC_WARN_UNUSED_VARIABLE = YES;
				IPHONEOS_DEPLOYMENT_TARGET = 16.2;
				MTL_ENABLE_DEBUG_INFO = INCLUDE_SOURCE;
				MTL_FAST_MATH = YES;
				ONLY_ACTIVE_ARCH = YES;
				SDKROOT = iphoneos;
				SWIFT_ACTIVE_COMPILATION_CONDITIONS = DEBUG;
				SWIFT_OPTIMIZATION_LEVEL = "-Onone";
			};
			name = Debug;
		};
		EBC674DE2C9AE6E600A7DFF8 /* Release */ = {
			isa = XCBuildConfiguration;
			buildSettings = {
				ALWAYS_SEARCH_USER_PATHS = NO;
				CLANG_ANALYZER_NONNULL = YES;
				CLANG_ANALYZER_NUMBER_OBJECT_CONVERSION = YES_AGGRESSIVE;
				CLANG_CXX_LANGUAGE_STANDARD = "gnu++20";
				CLANG_ENABLE_MODULES = YES;
				CLANG_ENABLE_OBJC_ARC = YES;
				CLANG_ENABLE_OBJC_WEAK = YES;
				CLANG_WARN_BLOCK_CAPTURE_AUTORELEASING = YES;
				CLANG_WARN_BOOL_CONVERSION = YES;
				CLANG_WARN_COMMA = YES;
				CLANG_WARN_CONSTANT_CONVERSION = YES;
				CLANG_WARN_DEPRECATED_OBJC_IMPLEMENTATIONS = YES;
				CLANG_WARN_DIRECT_OBJC_ISA_USAGE = YES_ERROR;
				CLANG_WARN_DOCUMENTATION_COMMENTS = YES;
				CLANG_WARN_EMPTY_BODY = YES;
				CLANG_WARN_ENUM_CONVERSION = YES;
				CLANG_WARN_INFINITE_RECURSION = YES;
				CLANG_WARN_INT_CONVERSION = YES;
				CLANG_WARN_NON_LITERAL_NULL_CONVERSION = YES;
				CLANG_WARN_OBJC_IMPLICIT_RETAIN_SELF = YES;
				CLANG_WARN_OBJC_LITERAL_CONVERSION = YES;
				CLANG_WARN_OBJC_ROOT_CLASS = YES_ERROR;
				CLANG_WARN_QUOTED_INCLUDE_IN_FRAMEWORK_HEADER = YES;
				CLANG_WARN_RANGE_LOOP_ANALYSIS = YES;
				CLANG_WARN_STRICT_PROTOTYPES = YES;
				CLANG_WARN_SUSPICIOUS_MOVE = YES;
				CLANG_WARN_UNGUARDED_AVAILABILITY = YES_AGGRESSIVE;
				CLANG_WARN_UNREACHABLE_CODE = YES;
				CLANG_WARN__DUPLICATE_METHOD_MATCH = YES;
				COPY_PHASE_STRIP = NO;
				DEBUG_INFORMATION_FORMAT = "dwarf-with-dsym";
				ENABLE_NS_ASSERTIONS = NO;
				ENABLE_STRICT_OBJC_MSGSEND = YES;
				GCC_C_LANGUAGE_STANDARD = gnu11;
				GCC_NO_COMMON_BLOCKS = YES;
				GCC_WARN_64_TO_32_BIT_CONVERSION = YES;
				GCC_WARN_ABOUT_RETURN_TYPE = YES_ERROR;
				GCC_WARN_UNDECLARED_SELECTOR = YES;
				GCC_WARN_UNINITIALIZED_AUTOS = YES_AGGRESSIVE;
				GCC_WARN_UNUSED_FUNCTION = YES;
				GCC_WARN_UNUSED_VARIABLE = YES;
				IPHONEOS_DEPLOYMENT_TARGET = 16.2;
				MTL_ENABLE_DEBUG_INFO = NO;
				MTL_FAST_MATH = YES;
				SDKROOT = iphoneos;
				SWIFT_COMPILATION_MODE = wholemodule;
				SWIFT_OPTIMIZATION_LEVEL = "-O";
				VALIDATE_PRODUCT = YES;
			};
			name = Release;
		};
		EBC674E02C9AE6E600A7DFF8 /* Debug */ = {
			isa = XCBuildConfiguration;
			buildSettings = {
				ASSETCATALOG_COMPILER_APPICON_NAME = AppIcon;
				ASSETCATALOG_COMPILER_GLOBAL_ACCENT_COLOR_NAME = AccentColor;
				CODE_SIGN_STYLE = Automatic;
				CURRENT_PROJECT_VERSION = 1;
				DEVELOPMENT_TEAM = CXTXJQMUG9;
				GENERATE_INFOPLIST_FILE = YES;
				INFOPLIST_FILE = BMICalculator/Info.plist;
				INFOPLIST_KEY_UIApplicationSupportsIndirectInputEvents = YES;
				INFOPLIST_KEY_UILaunchStoryboardName = LaunchScreen;
				INFOPLIST_KEY_UIMainStoryboardFile = Main;
				INFOPLIST_KEY_UISupportedInterfaceOrientations_iPad = "UIInterfaceOrientationPortrait UIInterfaceOrientationPortraitUpsideDown UIInterfaceOrientationLandscapeLeft UIInterfaceOrientationLandscapeRight";
				INFOPLIST_KEY_UISupportedInterfaceOrientations_iPhone = "UIInterfaceOrientationPortrait UIInterfaceOrientationLandscapeLeft UIInterfaceOrientationLandscapeRight";
				IPHONEOS_DEPLOYMENT_TARGET = 16.0;
				LD_RUNPATH_SEARCH_PATHS = (
					"$(inherited)",
					"@executable_path/Frameworks",
				);
				MARKETING_VERSION = 1.0;
				PRODUCT_BUNDLE_IDENTIFIER = com.ahmeddh.BMICalculator;
				PRODUCT_NAME = "$(TARGET_NAME)";
				SWIFT_EMIT_LOC_STRINGS = YES;
				SWIFT_VERSION = 5.0;
				TARGETED_DEVICE_FAMILY = "1,2";
			};
			name = Debug;
		};
		EBC674E12C9AE6E600A7DFF8 /* Release */ = {
			isa = XCBuildConfiguration;
			buildSettings = {
				ASSETCATALOG_COMPILER_APPICON_NAME = AppIcon;
				ASSETCATALOG_COMPILER_GLOBAL_ACCENT_COLOR_NAME = AccentColor;
				CODE_SIGN_STYLE = Automatic;
				CURRENT_PROJECT_VERSION = 1;
				DEVELOPMENT_TEAM = CXTXJQMUG9;
				GENERATE_INFOPLIST_FILE = YES;
				INFOPLIST_FILE = BMICalculator/Info.plist;
				INFOPLIST_KEY_UIApplicationSupportsIndirectInputEvents = YES;
				INFOPLIST_KEY_UILaunchStoryboardName = LaunchScreen;
				INFOPLIST_KEY_UIMainStoryboardFile = Main;
				INFOPLIST_KEY_UISupportedInterfaceOrientations_iPad = "UIInterfaceOrientationPortrait UIInterfaceOrientationPortraitUpsideDown UIInterfaceOrientationLandscapeLeft UIInterfaceOrientationLandscapeRight";
				INFOPLIST_KEY_UISupportedInterfaceOrientations_iPhone = "UIInterfaceOrientationPortrait UIInterfaceOrientationLandscapeLeft UIInterfaceOrientationLandscapeRight";
				IPHONEOS_DEPLOYMENT_TARGET = 16.0;
				LD_RUNPATH_SEARCH_PATHS = (
					"$(inherited)",
					"@executable_path/Frameworks",
				);
				MARKETING_VERSION = 1.0;
				PRODUCT_BUNDLE_IDENTIFIER = com.ahmeddh.BMICalculator;
				PRODUCT_NAME = "$(TARGET_NAME)";
				SWIFT_EMIT_LOC_STRINGS = YES;
				SWIFT_VERSION = 5.0;
				TARGETED_DEVICE_FAMILY = "1,2";
			};
			name = Release;
		};
/* End XCBuildConfiguration section */

/* Begin XCConfigurationList section */
		EBC674C62C9AE6E100A7DFF8 /* Build configuration list for PBXProject "BMICalculator" */ = {
			isa = XCConfigurationList;
			buildConfigurations = (
				EBC674DD2C9AE6E600A7DFF8 /* Debug */,
				EBC674DE2C9AE6E600A7DFF8 /* Release */,
			);
			defaultConfigurationIsVisible = 0;
			defaultConfigurationName = Release;
		};
		EBC674DF2C9AE6E600A7DFF8 /* Build configuration list for PBXNativeTarget "BMICalculator" */ = {
			isa = XCConfigurationList;
			buildConfigurations = (
				EBC674E02C9AE6E600A7DFF8 /* Debug */,
				EBC674E12C9AE6E600A7DFF8 /* Release */,
			);
			defaultConfigurationIsVisible = 0;
			defaultConfigurationName = Release;
		};
/* End XCConfigurationList section */
	};
	rootObject = EBC674C32C9AE6E100A7DFF8 /* Project object */;
}
